// !$*UTF8*$!
{
	archiveVersion = 1;
	classes = {
	};
	objectVersion = 50;
	objects = {

/* Begin PBXBuildFile section */
		F5E1202826AF0EDE00847AE4 /* AppDelegate.swift in Sources */ = {isa = PBXBuildFile; fileRef = F5E1202726AF0EDE00847AE4 /* AppDelegate.swift */; };
		F5E1202A26AF0EDE00847AE4 /* SceneDelegate.swift in Sources */ = {isa = PBXBuildFile; fileRef = F5E1202926AF0EDE00847AE4 /* SceneDelegate.swift */; };
		F5E1202C26AF0EDE00847AE4 /* ViewController.swift in Sources */ = {isa = PBXBuildFile; fileRef = F5E1202B26AF0EDE00847AE4 /* ViewController.swift */; };
		F5E1202F26AF0EDE00847AE4 /* Main.storyboard in Resources */ = {isa = PBXBuildFile; fileRef = F5E1202D26AF0EDE00847AE4 /* Main.storyboard */; };
		F5E1203126AF0F0900847AE4 /* Assets.xcassets in Resources */ = {isa = PBXBuildFile; fileRef = F5E1203026AF0F0900847AE4 /* Assets.xcassets */; };
		F5E1203426AF0F0900847AE4 /* LaunchScreen.storyboard in Resources */ = {isa = PBXBuildFile; fileRef = F5E1203226AF0F0900847AE4 /* LaunchScreen.storyboard */; };
		F5E1203F26AF0F0D00847AE4 /* PhotoAppTests.swift in Sources */ = {isa = PBXBuildFile; fileRef = F5E1203E26AF0F0D00847AE4 /* PhotoAppTests.swift */; };
		F5E1204A26AF0F0E00847AE4 /* PhotoAppUITests.swift in Sources */ = {isa = PBXBuildFile; fileRef = F5E1204926AF0F0E00847AE4 /* PhotoAppUITests.swift */; };
		F5E1205826AF1AB200847AE4 /* StyleBlue.mlmodel in Sources */ = {isa = PBXBuildFile; fileRef = F5E1205726AF1AB200847AE4 /* StyleBlue.mlmodel */; };
		F5E1205926AF1AB200847AE4 /* StyleBlue.mlmodel in Sources */ = {isa = PBXBuildFile; fileRef = F5E1205726AF1AB200847AE4 /* StyleBlue.mlmodel */; };
		F5E1205A26AF1AB200847AE4 /* StyleBlue.mlmodel in Sources */ = {isa = PBXBuildFile; fileRef = F5E1205726AF1AB200847AE4 /* StyleBlue.mlmodel */; };
/* End PBXBuildFile section */

/* Begin PBXContainerItemProxy section */
		F5E1203B26AF0F0D00847AE4 /* PBXContainerItemProxy */ = {
			isa = PBXContainerItemProxy;
			containerPortal = F5E1201C26AF0EDC00847AE4 /* Project object */;
			proxyType = 1;
			remoteGlobalIDString = F5E1202326AF0EDD00847AE4;
			remoteInfo = PhotoApp;
		};
		F5E1204626AF0F0E00847AE4 /* PBXContainerItemProxy */ = {
			isa = PBXContainerItemProxy;
			containerPortal = F5E1201C26AF0EDC00847AE4 /* Project object */;
			proxyType = 1;
			remoteGlobalIDString = F5E1202326AF0EDD00847AE4;
			remoteInfo = PhotoApp;
		};
/* End PBXContainerItemProxy section */

/* Begin PBXFileReference section */
		F5E1202426AF0EDE00847AE4 /* PhotoApp.app */ = {isa = PBXFileReference; explicitFileType = wrapper.application; includeInIndex = 0; path = PhotoApp.app; sourceTree = BUILT_PRODUCTS_DIR; };
		F5E1202726AF0EDE00847AE4 /* AppDelegate.swift */ = {isa = PBXFileReference; lastKnownFileType = sourcecode.swift; path = AppDelegate.swift; sourceTree = "<group>"; };
		F5E1202926AF0EDE00847AE4 /* SceneDelegate.swift */ = {isa = PBXFileReference; lastKnownFileType = sourcecode.swift; path = SceneDelegate.swift; sourceTree = "<group>"; };
		F5E1202B26AF0EDE00847AE4 /* ViewController.swift */ = {isa = PBXFileReference; lastKnownFileType = sourcecode.swift; path = ViewController.swift; sourceTree = "<group>"; };
		F5E1202E26AF0EDE00847AE4 /* Base */ = {isa = PBXFileReference; lastKnownFileType = file.storyboard; name = Base; path = Base.lproj/Main.storyboard; sourceTree = "<group>"; };
		F5E1203026AF0F0900847AE4 /* Assets.xcassets */ = {isa = PBXFileReference; lastKnownFileType = folder.assetcatalog; path = Assets.xcassets; sourceTree = "<group>"; };
		F5E1203326AF0F0900847AE4 /* Base */ = {isa = PBXFileReference; lastKnownFileType = file.storyboard; name = Base; path = Base.lproj/LaunchScreen.storyboard; sourceTree = "<group>"; };
		F5E1203526AF0F0900847AE4 /* Info.plist */ = {isa = PBXFileReference; lastKnownFileType = text.plist.xml; path = Info.plist; sourceTree = "<group>"; };
		F5E1203A26AF0F0D00847AE4 /* PhotoAppTests.xctest */ = {isa = PBXFileReference; explicitFileType = wrapper.cfbundle; includeInIndex = 0; path = PhotoAppTests.xctest; sourceTree = BUILT_PRODUCTS_DIR; };
		F5E1203E26AF0F0D00847AE4 /* PhotoAppTests.swift */ = {isa = PBXFileReference; lastKnownFileType = sourcecode.swift; path = PhotoAppTests.swift; sourceTree = "<group>"; };
		F5E1204026AF0F0D00847AE4 /* Info.plist */ = {isa = PBXFileReference; lastKnownFileType = text.plist.xml; path = Info.plist; sourceTree = "<group>"; };
		F5E1204526AF0F0E00847AE4 /* PhotoAppUITests.xctest */ = {isa = PBXFileReference; explicitFileType = wrapper.cfbundle; includeInIndex = 0; path = PhotoAppUITests.xctest; sourceTree = BUILT_PRODUCTS_DIR; };
		F5E1204926AF0F0E00847AE4 /* PhotoAppUITests.swift */ = {isa = PBXFileReference; lastKnownFileType = sourcecode.swift; path = PhotoAppUITests.swift; sourceTree = "<group>"; };
		F5E1204B26AF0F0E00847AE4 /* Info.plist */ = {isa = PBXFileReference; lastKnownFileType = text.plist.xml; path = Info.plist; sourceTree = "<group>"; };
		F5E1205726AF1AB200847AE4 /* StyleBlue.mlmodel */ = {isa = PBXFileReference; lastKnownFileType = file.mlmodel; path = StyleBlue.mlmodel; sourceTree = "<group>"; };
/* End PBXFileReference section */

/* Begin PBXFrameworksBuildPhase section */
		F5E1202126AF0EDD00847AE4 /* Frameworks */ = {
			isa = PBXFrameworksBuildPhase;
			buildActionMask = 2147483647;
			files = (
			);
			runOnlyForDeploymentPostprocessing = 0;
		};
		F5E1203726AF0F0D00847AE4 /* Frameworks */ = {
			isa = PBXFrameworksBuildPhase;
			buildActionMask = 2147483647;
			files = (
			);
			runOnlyForDeploymentPostprocessing = 0;
		};
		F5E1204226AF0F0E00847AE4 /* Frameworks */ = {
			isa = PBXFrameworksBuildPhase;
			buildActionMask = 2147483647;
			files = (
			);
			runOnlyForDeploymentPostprocessing = 0;
		};
/* End PBXFrameworksBuildPhase section */

/* Begin PBXGroup section */
		F5E1201B26AF0EDC00847AE4 = {
			isa = PBXGroup;
			children = (
				F5E1202626AF0EDE00847AE4 /* PhotoApp */,
				F5E1203D26AF0F0D00847AE4 /* PhotoAppTests */,
				F5E1204826AF0F0E00847AE4 /* PhotoAppUITests */,
				F5E1202526AF0EDE00847AE4 /* Products */,
			);
			sourceTree = "<group>";
		};
		F5E1202526AF0EDE00847AE4 /* Products */ = {
			isa = PBXGroup;
			children = (
				F5E1202426AF0EDE00847AE4 /* PhotoApp.app */,
				F5E1203A26AF0F0D00847AE4 /* PhotoAppTests.xctest */,
				F5E1204526AF0F0E00847AE4 /* PhotoAppUITests.xctest */,
			);
			name = Products;
			sourceTree = "<group>";
		};
		F5E1202626AF0EDE00847AE4 /* PhotoApp */ = {
			isa = PBXGroup;
			children = (
				F5E1205726AF1AB200847AE4 /* StyleBlue.mlmodel */,
				F5E1202726AF0EDE00847AE4 /* AppDelegate.swift */,
				F5E1202926AF0EDE00847AE4 /* SceneDelegate.swift */,
				F5E1202B26AF0EDE00847AE4 /* ViewController.swift */,
				F5E1202D26AF0EDE00847AE4 /* Main.storyboard */,
				F5E1203026AF0F0900847AE4 /* Assets.xcassets */,
				F5E1203226AF0F0900847AE4 /* LaunchScreen.storyboard */,
				F5E1203526AF0F0900847AE4 /* Info.plist */,
			);
			path = PhotoApp;
			sourceTree = "<group>";
		};
		F5E1203D26AF0F0D00847AE4 /* PhotoAppTests */ = {
			isa = PBXGroup;
			children = (
				F5E1203E26AF0F0D00847AE4 /* PhotoAppTests.swift */,
				F5E1204026AF0F0D00847AE4 /* Info.plist */,
			);
			path = PhotoAppTests;
			sourceTree = "<group>";
		};
		F5E1204826AF0F0E00847AE4 /* PhotoAppUITests */ = {
			isa = PBXGroup;
			children = (
				F5E1204926AF0F0E00847AE4 /* PhotoAppUITests.swift */,
				F5E1204B26AF0F0E00847AE4 /* Info.plist */,
			);
			path = PhotoAppUITests;
			sourceTree = "<group>";
		};
/* End PBXGroup section */

/* Begin PBXNativeTarget section */
		F5E1202326AF0EDD00847AE4 /* PhotoApp */ = {
			isa = PBXNativeTarget;
			buildConfigurationList = F5E1204E26AF0F0E00847AE4 /* Build configuration list for PBXNativeTarget "PhotoApp" */;
			buildPhases = (
				F5E1202026AF0EDD00847AE4 /* Sources */,
				F5E1202126AF0EDD00847AE4 /* Frameworks */,
				F5E1202226AF0EDD00847AE4 /* Resources */,
			);
			buildRules = (
			);
			dependencies = (
			);
			name = PhotoApp;
			productName = PhotoApp;
			productReference = F5E1202426AF0EDE00847AE4 /* PhotoApp.app */;
			productType = "com.apple.product-type.application";
		};
		F5E1203926AF0F0D00847AE4 /* PhotoAppTests */ = {
			isa = PBXNativeTarget;
			buildConfigurationList = F5E1205126AF0F0E00847AE4 /* Build configuration list for PBXNativeTarget "PhotoAppTests" */;
			buildPhases = (
				F5E1203626AF0F0D00847AE4 /* Sources */,
				F5E1203726AF0F0D00847AE4 /* Frameworks */,
				F5E1203826AF0F0D00847AE4 /* Resources */,
			);
			buildRules = (
			);
			dependencies = (
				F5E1203C26AF0F0D00847AE4 /* PBXTargetDependency */,
			);
			name = PhotoAppTests;
			productName = PhotoAppTests;
			productReference = F5E1203A26AF0F0D00847AE4 /* PhotoAppTests.xctest */;
			productType = "com.apple.product-type.bundle.unit-test";
		};
		F5E1204426AF0F0E00847AE4 /* PhotoAppUITests */ = {
			isa = PBXNativeTarget;
			buildConfigurationList = F5E1205426AF0F0E00847AE4 /* Build configuration list for PBXNativeTarget "PhotoAppUITests" */;
			buildPhases = (
				F5E1204126AF0F0E00847AE4 /* Sources */,
				F5E1204226AF0F0E00847AE4 /* Frameworks */,
				F5E1204326AF0F0E00847AE4 /* Resources */,
			);
			buildRules = (
			);
			dependencies = (
				F5E1204726AF0F0E00847AE4 /* PBXTargetDependency */,
			);
			name = PhotoAppUITests;
			productName = PhotoAppUITests;
			productReference = F5E1204526AF0F0E00847AE4 /* PhotoAppUITests.xctest */;
			productType = "com.apple.product-type.bundle.ui-testing";
		};
/* End PBXNativeTarget section */

/* Begin PBXProject section */
		F5E1201C26AF0EDC00847AE4 /* Project object */ = {
			isa = PBXProject;
			attributes = {
				LastSwiftUpdateCheck = 1250;
				LastUpgradeCheck = 1250;
				TargetAttributes = {
					F5E1202326AF0EDD00847AE4 = {
						CreatedOnToolsVersion = 12.5.1;
					};
					F5E1203926AF0F0D00847AE4 = {
						CreatedOnToolsVersion = 12.5.1;
						TestTargetID = F5E1202326AF0EDD00847AE4;
					};
					F5E1204426AF0F0E00847AE4 = {
						CreatedOnToolsVersion = 12.5.1;
						TestTargetID = F5E1202326AF0EDD00847AE4;
					};
				};
			};
			buildConfigurationList = F5E1201F26AF0EDC00847AE4 /* Build configuration list for PBXProject "PhotoApp" */;
			compatibilityVersion = "Xcode 9.3";
			developmentRegion = en;
			hasScannedForEncodings = 0;
			knownRegions = (
				en,
				Base,
			);
			mainGroup = F5E1201B26AF0EDC00847AE4;
			productRefGroup = F5E1202526AF0EDE00847AE4 /* Products */;
			projectDirPath = "";
			projectRoot = "";
			targets = (
				F5E1202326AF0EDD00847AE4 /* PhotoApp */,
				F5E1203926AF0F0D00847AE4 /* PhotoAppTests */,
				F5E1204426AF0F0E00847AE4 /* PhotoAppUITests */,
			);
		};
/* End PBXProject section */

/* Begin PBXResourcesBuildPhase section */
		F5E1202226AF0EDD00847AE4 /* Resources */ = {
			isa = PBXResourcesBuildPhase;
			buildActionMask = 2147483647;
			files = (
				F5E1203426AF0F0900847AE4 /* LaunchScreen.storyboard in Resources */,
				F5E1203126AF0F0900847AE4 /* Assets.xcassets in Resources */,
				F5E1202F26AF0EDE00847AE4 /* Main.storyboard in Resources */,
			);
			runOnlyForDeploymentPostprocessing = 0;
		};
		F5E1203826AF0F0D00847AE4 /* Resources */ = {
			isa = PBXResourcesBuildPhase;
			buildActionMask = 2147483647;
			files = (
			);
			runOnlyForDeploymentPostprocessing = 0;
		};
		F5E1204326AF0F0E00847AE4 /* Resources */ = {
			isa = PBXResourcesBuildPhase;
			buildActionMask = 2147483647;
			files = (
			);
			runOnlyForDeploymentPostprocessing = 0;
		};
/* End PBXResourcesBuildPhase section */

/* Begin PBXSourcesBuildPhase section */
		F5E1202026AF0EDD00847AE4 /* Sources */ = {
			isa = PBXSourcesBuildPhase;
			buildActionMask = 2147483647;
			files = (
				F5E1202C26AF0EDE00847AE4 /* ViewController.swift in Sources */,
				F5E1202826AF0EDE00847AE4 /* AppDelegate.swift in Sources */,
				F5E1205826AF1AB200847AE4 /* StyleBlue.mlmodel in Sources */,
				F5E1202A26AF0EDE00847AE4 /* SceneDelegate.swift in Sources */,
			);
			runOnlyForDeploymentPostprocessing = 0;
		};
		F5E1203626AF0F0D00847AE4 /* Sources */ = {
			isa = PBXSourcesBuildPhase;
			buildActionMask = 2147483647;
			files = (
				F5E1205926AF1AB200847AE4 /* StyleBlue.mlmodel in Sources */,
				F5E1203F26AF0F0D00847AE4 /* PhotoAppTests.swift in Sources */,
			);
			runOnlyForDeploymentPostprocessing = 0;
		};
		F5E1204126AF0F0E00847AE4 /* Sources */ = {
			isa = PBXSourcesBuildPhase;
			buildActionMask = 2147483647;
			files = (
				F5E1205A26AF1AB200847AE4 /* StyleBlue.mlmodel in Sources */,
				F5E1204A26AF0F0E00847AE4 /* PhotoAppUITests.swift in Sources */,
			);
			runOnlyForDeploymentPostprocessing = 0;
		};
/* End PBXSourcesBuildPhase section */

/* Begin PBXTargetDependency section */
		F5E1203C26AF0F0D00847AE4 /* PBXTargetDependency */ = {
			isa = PBXTargetDependency;
			target = F5E1202326AF0EDD00847AE4 /* PhotoApp */;
			targetProxy = F5E1203B26AF0F0D00847AE4 /* PBXContainerItemProxy */;
		};
		F5E1204726AF0F0E00847AE4 /* PBXTargetDependency */ = {
			isa = PBXTargetDependency;
			target = F5E1202326AF0EDD00847AE4 /* PhotoApp */;
			targetProxy = F5E1204626AF0F0E00847AE4 /* PBXContainerItemProxy */;
		};
/* End PBXTargetDependency section */

/* Begin PBXVariantGroup section */
		F5E1202D26AF0EDE00847AE4 /* Main.storyboard */ = {
			isa = PBXVariantGroup;
			children = (
				F5E1202E26AF0EDE00847AE4 /* Base */,
			);
			name = Main.storyboard;
			sourceTree = "<group>";
		};
		F5E1203226AF0F0900847AE4 /* LaunchScreen.storyboard */ = {
			isa = PBXVariantGroup;
			children = (
				F5E1203326AF0F0900847AE4 /* Base */,
			);
			name = LaunchScreen.storyboard;
			sourceTree = "<group>";
		};
/* End PBXVariantGroup section */

/* Begin XCBuildConfiguration section */
		F5E1204C26AF0F0E00847AE4 /* Debug */ = {
			isa = XCBuildConfiguration;
			buildSettings = {
				ALWAYS_SEARCH_USER_PATHS = NO;
				CLANG_ANALYZER_NONNULL = YES;
				CLANG_ANALYZER_NUMBER_OBJECT_CONVERSION = YES_AGGRESSIVE;
				CLANG_CXX_LANGUAGE_STANDARD = "gnu++14";
				CLANG_CXX_LIBRARY = "libc++";
				CLANG_ENABLE_MODULES = YES;
				CLANG_ENABLE_OBJC_ARC = YES;
				CLANG_ENABLE_OBJC_WEAK = YES;
				CLANG_WARN_BLOCK_CAPTURE_AUTORELEASING = YES;
				CLANG_WARN_BOOL_CONVERSION = YES;
				CLANG_WARN_COMMA = YES;
				CLANG_WARN_CONSTANT_CONVERSION = YES;
				CLANG_WARN_DEPRECATED_OBJC_IMPLEMENTATIONS = YES;
				CLANG_WARN_DIRECT_OBJC_ISA_USAGE = YES_ERROR;
				CLANG_WARN_DOCUMENTATION_COMMENTS = YES;
				CLANG_WARN_EMPTY_BODY = YES;
				CLANG_WARN_ENUM_CONVERSION = YES;
				CLANG_WARN_INFINITE_RECURSION = YES;
				CLANG_WARN_INT_CONVERSION = YES;
				CLANG_WARN_NON_LITERAL_NULL_CONVERSION = YES;
				CLANG_WARN_OBJC_IMPLICIT_RETAIN_SELF = YES;
				CLANG_WARN_OBJC_LITERAL_CONVERSION = YES;
				CLANG_WARN_OBJC_ROOT_CLASS = YES_ERROR;
				CLANG_WARN_QUOTED_INCLUDE_IN_FRAMEWORK_HEADER = YES;
				CLANG_WARN_RANGE_LOOP_ANALYSIS = YES;
				CLANG_WARN_STRICT_PROTOTYPES = YES;
				CLANG_WARN_SUSPICIOUS_MOVE = YES;
				CLANG_WARN_UNGUARDED_AVAILABILITY = YES_AGGRESSIVE;
				CLANG_WARN_UNREACHABLE_CODE = YES;
				CLANG_WARN__DUPLICATE_METHOD_MATCH = YES;
				COPY_PHASE_STRIP = NO;
				DEBUG_INFORMATION_FORMAT = dwarf;
				ENABLE_STRICT_OBJC_MSGSEND = YES;
				ENABLE_TESTABILITY = YES;
				GCC_C_LANGUAGE_STANDARD = gnu11;
				GCC_DYNAMIC_NO_PIC = NO;
				GCC_NO_COMMON_BLOCKS = YES;
				GCC_OPTIMIZATION_LEVEL = 0;
				GCC_PREPROCESSOR_DEFINITIONS = (
					"DEBUG=1",
					"$(inherited)",
				);
				GCC_WARN_64_TO_32_BIT_CONVERSION = YES;
				GCC_WARN_ABOUT_RETURN_TYPE = YES_ERROR;
				GCC_WARN_UNDECLARED_SELECTOR = YES;
				GCC_WARN_UNINITIALIZED_AUTOS = YES_AGGRESSIVE;
				GCC_WARN_UNUSED_FUNCTION = YES;
				GCC_WARN_UNUSED_VARIABLE = YES;
				IPHONEOS_DEPLOYMENT_TARGET = 14.5;
				MTL_ENABLE_DEBUG_INFO = INCLUDE_SOURCE;
				MTL_FAST_MATH = YES;
				ONLY_ACTIVE_ARCH = YES;
				SDKROOT = iphoneos;
				SWIFT_ACTIVE_COMPILATION_CONDITIONS = DEBUG;
				SWIFT_OPTIMIZATION_LEVEL = "-Onone";
			};
			name = Debug;
		};
		F5E1204D26AF0F0E00847AE4 /* Release */ = {
			isa = XCBuildConfiguration;
			buildSettings = {
				ALWAYS_SEARCH_USER_PATHS = NO;
				CLANG_ANALYZER_NONNULL = YES;
				CLANG_ANALYZER_NUMBER_OBJECT_CONVERSION = YES_AGGRESSIVE;
				CLANG_CXX_LANGUAGE_STANDARD = "gnu++14";
				CLANG_CXX_LIBRARY = "libc++";
				CLANG_ENABLE_MODULES = YES;
				CLANG_ENABLE_OBJC_ARC = YES;
				CLANG_ENABLE_OBJC_WEAK = YES;
				CLANG_WARN_BLOCK_CAPTURE_AUTORELEASING = YES;
				CLANG_WARN_BOOL_CONVERSION = YES;
				CLANG_WARN_COMMA = YES;
				CLANG_WARN_CONSTANT_CONVERSION = YES;
				CLANG_WARN_DEPRECATED_OBJC_IMPLEMENTATIONS = YES;
				CLANG_WARN_DIRECT_OBJC_ISA_USAGE = YES_ERROR;
				CLANG_WARN_DOCUMENTATION_COMMENTS = YES;
				CLANG_WARN_EMPTY_BODY = YES;
				CLANG_WARN_ENUM_CONVERSION = YES;
				CLANG_WARN_INFINITE_RECURSION = YES;
				CLANG_WARN_INT_CONVERSION = YES;
				CLANG_WARN_NON_LITERAL_NULL_CONVERSION = YES;
				CLANG_WARN_OBJC_IMPLICIT_RETAIN_SELF = YES;
				CLANG_WARN_OBJC_LITERAL_CONVERSION = YES;
				CLANG_WARN_OBJC_ROOT_CLASS = YES_ERROR;
				CLANG_WARN_QUOTED_INCLUDE_IN_FRAMEWORK_HEADER = YES;
				CLANG_WARN_RANGE_LOOP_ANALYSIS = YES;
				CLANG_WARN_STRICT_PROTOTYPES = YES;
				CLANG_WARN_SUSPICIOUS_MOVE = YES;
				CLANG_WARN_UNGUARDED_AVAILABILITY = YES_AGGRESSIVE;
				CLANG_WARN_UNREACHABLE_CODE = YES;
				CLANG_WARN__DUPLICATE_METHOD_MATCH = YES;
				COPY_PHASE_STRIP = NO;
				DEBUG_INFORMATION_FORMAT = "dwarf-with-dsym";
				ENABLE_NS_ASSERTIONS = NO;
				ENABLE_STRICT_OBJC_MSGSEND = YES;
				GCC_C_LANGUAGE_STANDARD = gnu11;
				GCC_NO_COMMON_BLOCKS = YES;
				GCC_WARN_64_TO_32_BIT_CONVERSION = YES;
				GCC_WARN_ABOUT_RETURN_TYPE = YES_ERROR;
				GCC_WARN_UNDECLARED_SELECTOR = YES;
				GCC_WARN_UNINITIALIZED_AUTOS = YES_AGGRESSIVE;
				GCC_WARN_UNUSED_FUNCTION = YES;
				GCC_WARN_UNUSED_VARIABLE = YES;
				IPHONEOS_DEPLOYMENT_TARGET = 14.5;
				MTL_ENABLE_DEBUG_INFO = NO;
				MTL_FAST_MATH = YES;
				SDKROOT = iphoneos;
				SWIFT_COMPILATION_MODE = wholemodule;
				SWIFT_OPTIMIZATION_LEVEL = "-O";
				VALIDATE_PRODUCT = YES;
			};
			name = Release;
		};
		F5E1204F26AF0F0E00847AE4 /* Debug */ = {
			isa = XCBuildConfiguration;
			buildSettings = {
				ASSETCATALOG_COMPILER_APPICON_NAME = AppIcon;
				ASSETCATALOG_COMPILER_GLOBAL_ACCENT_COLOR_NAME = AccentColor;
				CODE_SIGN_STYLE = Automatic;
				DEVELOPMENT_TEAM = 7HAJDKXX6Y;
				INFOPLIST_FILE = PhotoApp/Info.plist;
				LD_RUNPATH_SEARCH_PATHS = (
					"$(inherited)",
					"@executable_path/Frameworks",
				);
				PRODUCT_BUNDLE_IDENTIFIER = io.agitek.PhotoApp;
				PRODUCT_NAME = "$(TARGET_NAME)";
				SWIFT_VERSION = 5.0;
				TARGETED_DEVICE_FAMILY = "1,2";
			};
			name = Debug;
		};
		F5E1205026AF0F0E00847AE4 /* Release */ = {
			isa = XCBuildConfiguration;
			buildSettings = {
				ASSETCATALOG_COMPILER_APPICON_NAME = AppIcon;
				ASSETCATALOG_COMPILER_GLOBAL_ACCENT_COLOR_NAME = AccentColor;
				CODE_SIGN_STYLE = Automatic;
				DEVELOPMENT_TEAM = 7HAJDKXX6Y;
				INFOPLIST_FILE = PhotoApp/Info.plist;
				LD_RUNPATH_SEARCH_PATHS = (
					"$(inherited)",
					"@executable_path/Frameworks",
				);
				PRODUCT_BUNDLE_IDENTIFIER = io.agitek.PhotoApp;
				PRODUCT_NAME = "$(TARGET_NAME)";
				SWIFT_VERSION = 5.0;
				TARGETED_DEVICE_FAMILY = "1,2";
			};
			name = Release;
		};
		F5E1205226AF0F0E00847AE4 /* Debug */ = {
			isa = XCBuildConfiguration;
			buildSettings = {
				ALWAYS_EMBED_SWIFT_STANDARD_LIBRARIES = YES;
				BUNDLE_LOADER = "$(TEST_HOST)";
				CODE_SIGN_STYLE = Automatic;
				DEVELOPMENT_TEAM = 7HAJDKXX6Y;
				INFOPLIST_FILE = PhotoAppTests/Info.plist;
				IPHONEOS_DEPLOYMENT_TARGET = 14.5;
				LD_RUNPATH_SEARCH_PATHS = (
					"$(inherited)",
					"@executable_path/Frameworks",
					"@loader_path/Frameworks",
				);
				PRODUCT_BUNDLE_IDENTIFIER = io.agitek.PhotoAppTests;
				PRODUCT_NAME = "$(TARGET_NAME)";
				SWIFT_VERSION = 5.0;
				TARGETED_DEVICE_FAMILY = "1,2";
				TEST_HOST = "$(BUILT_PRODUCTS_DIR)/PhotoApp.app/PhotoApp";
			};
			name = Debug;
		};
		F5E1205326AF0F0E00847AE4 /* Release */ = {
			isa = XCBuildConfiguration;
			buildSettings = {
				ALWAYS_EMBED_SWIFT_STANDARD_LIBRARIES = YES;
				BUNDLE_LOADER = "$(TEST_HOST)";
				CODE_SIGN_STYLE = Automatic;
				DEVELOPMENT_TEAM = 7HAJDKXX6Y;
				INFOPLIST_FILE = PhotoAppTests/Info.plist;
				IPHONEOS_DEPLOYMENT_TARGET = 14.5;
				LD_RUNPATH_SEARCH_PATHS = (
					"$(inherited)",
					"@executable_path/Frameworks",
					"@loader_path/Frameworks",
				);
				PRODUCT_BUNDLE_IDENTIFIER = io.agitek.PhotoAppTests;
				PRODUCT_NAME = "$(TARGET_NAME)";
				SWIFT_VERSION = 5.0;
				TARGETED_DEVICE_FAMILY = "1,2";
				TEST_HOST = "$(BUILT_PRODUCTS_DIR)/PhotoApp.app/PhotoApp";
			};
			name = Release;
		};
		F5E1205526AF0F0E00847AE4 /* Debug */ = {
			isa = XCBuildConfiguration;
			buildSettings = {
				ALWAYS_EMBED_SWIFT_STANDARD_LIBRARIES = YES;
				CODE_SIGN_STYLE = Automatic;
				DEVELOPMENT_TEAM = 7HAJDKXX6Y;
				INFOPLIST_FILE = PhotoAppUITests/Info.plist;
				LD_RUNPATH_SEARCH_PATHS = (
					"$(inherited)",
					"@executable_path/Frameworks",
					"@loader_path/Frameworks",
				);
				PRODUCT_BUNDLE_IDENTIFIER = io.agitek.PhotoAppUITests;
				PRODUCT_NAME = "$(TARGET_NAME)";
				SWIFT_VERSION = 5.0;
				TARGETED_DEVICE_FAMILY = "1,2";
				TEST_TARGET_NAME = PhotoApp;
			};
			name = Debug;
		};
		F5E1205626AF0F0E00847AE4 /* Release */ = {
			isa = XCBuildConfiguration;
			buildSettings = {
				ALWAYS_EMBED_SWIFT_STANDARD_LIBRARIES = YES;
				CODE_SIGN_STYLE = Automatic;
				DEVELOPMENT_TEAM = 7HAJDKXX6Y;
				INFOPLIST_FILE = PhotoAppUITests/Info.plist;
				LD_RUNPATH_SEARCH_PATHS = (
					"$(inherited)",
					"@executable_path/Frameworks",
					"@loader_path/Frameworks",
				);
				PRODUCT_BUNDLE_IDENTIFIER = io.agitek.PhotoAppUITests;
				PRODUCT_NAME = "$(TARGET_NAME)";
				SWIFT_VERSION = 5.0;
				TARGETED_DEVICE_FAMILY = "1,2";
				TEST_TARGET_NAME = PhotoApp;
			};
			name = Release;
		};
/* End XCBuildConfiguration section */

/* Begin XCConfigurationList section */
		F5E1201F26AF0EDC00847AE4 /* Build configuration list for PBXProject "PhotoApp" */ = {
			isa = XCConfigurationList;
			buildConfigurations = (
				F5E1204C26AF0F0E00847AE4 /* Debug */,
				F5E1204D26AF0F0E00847AE4 /* Release */,
			);
			defaultConfigurationIsVisible = 0;
			defaultConfigurationName = Release;
		};
		F5E1204E26AF0F0E00847AE4 /* Build configuration list for PBXNativeTarget "PhotoApp" */ = {
			isa = XCConfigurationList;
			buildConfigurations = (
				F5E1204F26AF0F0E00847AE4 /* Debug */,
				F5E1205026AF0F0E00847AE4 /* Release */,
			);
			defaultConfigurationIsVisible = 0;
			defaultConfigurationName = Release;
		};
		F5E1205126AF0F0E00847AE4 /* Build configuration list for PBXNativeTarget "PhotoAppTests" */ = {
			isa = XCConfigurationList;
			buildConfigurations = (
				F5E1205226AF0F0E00847AE4 /* Debug */,
				F5E1205326AF0F0E00847AE4 /* Release */,
			);
			defaultConfigurationIsVisible = 0;
			defaultConfigurationName = Release;
		};
		F5E1205426AF0F0E00847AE4 /* Build configuration list for PBXNativeTarget "PhotoAppUITests" */ = {
			isa = XCConfigurationList;
			buildConfigurations = (
				F5E1205526AF0F0E00847AE4 /* Debug */,
				F5E1205626AF0F0E00847AE4 /* Release */,
			);
			defaultConfigurationIsVisible = 0;
			defaultConfigurationName = Release;
		};
/* End XCConfigurationList section */
	};
	rootObject = F5E1201C26AF0EDC00847AE4 /* Project object */;
}
